// !$*UTF8*$!
{
	archiveVersion = 1;
	classes = {
	};
	objectVersion = 51;
	objects = {

/* Begin PBXBuildFile section */
		8EBA2BB3B42F5F41A6B0EE50 /* Pods_Verification.framework in Frameworks */ = {isa = PBXBuildFile; fileRef = 37A7F7E0C27EFFB8E6CF1B1A /* Pods_Verification.framework */; };
		EF4C53A1261A645A006A2BBE /* AppDelegate.swift in Sources */ = {isa = PBXBuildFile; fileRef = EF4C53A0261A645A006A2BBE /* AppDelegate.swift */; };
		EF4C53A3261A645A006A2BBE /* SceneDelegate.swift in Sources */ = {isa = PBXBuildFile; fileRef = EF4C53A2261A645A006A2BBE /* SceneDelegate.swift */; };
		EF4C53A5261A645A006A2BBE /* ViewController.swift in Sources */ = {isa = PBXBuildFile; fileRef = EF4C53A4261A645A006A2BBE /* ViewController.swift */; };
		EF4C53A8261A645A006A2BBE /* Main.storyboard in Resources */ = {isa = PBXBuildFile; fileRef = EF4C53A6261A645A006A2BBE /* Main.storyboard */; };
		EF4C53AA261A645B006A2BBE /* Assets.xcassets in Resources */ = {isa = PBXBuildFile; fileRef = EF4C53A9261A645B006A2BBE /* Assets.xcassets */; };
		EF4C53AD261A645B006A2BBE /* LaunchScreen.storyboard in Resources */ = {isa = PBXBuildFile; fileRef = EF4C53AB261A645B006A2BBE /* LaunchScreen.storyboard */; };
		EFFFD252261B3E2C009EE71B /* Cells.swift in Sources */ = {isa = PBXBuildFile; fileRef = EFFFD251261B3E2C009EE71B /* Cells.swift */; };
/* End PBXBuildFile section */

/* Begin PBXFileReference section */
		27759ABC4519CD112A4A8E63 /* Pods-Verification.release.xcconfig */ = {isa = PBXFileReference; includeInIndex = 1; lastKnownFileType = text.xcconfig; name = "Pods-Verification.release.xcconfig"; path = "Target Support Files/Pods-Verification/Pods-Verification.release.xcconfig"; sourceTree = "<group>"; };
		37A7F7E0C27EFFB8E6CF1B1A /* Pods_Verification.framework */ = {isa = PBXFileReference; explicitFileType = wrapper.framework; includeInIndex = 0; path = Pods_Verification.framework; sourceTree = BUILT_PRODUCTS_DIR; };
		6A9B6CB673F8C394589D55C0 /* Pods-Verification.debug.xcconfig */ = {isa = PBXFileReference; includeInIndex = 1; lastKnownFileType = text.xcconfig; name = "Pods-Verification.debug.xcconfig"; path = "Target Support Files/Pods-Verification/Pods-Verification.debug.xcconfig"; sourceTree = "<group>"; };
		EF4C539D261A645A006A2BBE /* Verification.app */ = {isa = PBXFileReference; explicitFileType = wrapper.application; includeInIndex = 0; path = Verification.app; sourceTree = BUILT_PRODUCTS_DIR; };
		EF4C53A0261A645A006A2BBE /* AppDelegate.swift */ = {isa = PBXFileReference; lastKnownFileType = sourcecode.swift; path = AppDelegate.swift; sourceTree = "<group>"; };
		EF4C53A2261A645A006A2BBE /* SceneDelegate.swift */ = {isa = PBXFileReference; lastKnownFileType = sourcecode.swift; path = SceneDelegate.swift; sourceTree = "<group>"; };
		EF4C53A4261A645A006A2BBE /* ViewController.swift */ = {isa = PBXFileReference; lastKnownFileType = sourcecode.swift; path = ViewController.swift; sourceTree = "<group>"; };
		EF4C53A7261A645A006A2BBE /* Base */ = {isa = PBXFileReference; lastKnownFileType = file.storyboard; name = Base; path = Base.lproj/Main.storyboard; sourceTree = "<group>"; };
		EF4C53A9261A645B006A2BBE /* Assets.xcassets */ = {isa = PBXFileReference; lastKnownFileType = folder.assetcatalog; path = Assets.xcassets; sourceTree = "<group>"; };
		EF4C53AC261A645B006A2BBE /* Base */ = {isa = PBXFileReference; lastKnownFileType = file.storyboard; name = Base; path = Base.lproj/LaunchScreen.storyboard; sourceTree = "<group>"; };
		EF4C53AE261A645B006A2BBE /* Info.plist */ = {isa = PBXFileReference; lastKnownFileType = text.plist.xml; path = Info.plist; sourceTree = "<group>"; };
		EFFFD251261B3E2C009EE71B /* Cells.swift */ = {isa = PBXFileReference; lastKnownFileType = sourcecode.swift; path = Cells.swift; sourceTree = "<group>"; };
/* End PBXFileReference section */

/* Begin PBXFrameworksBuildPhase section */
		EF4C539A261A645A006A2BBE /* Frameworks */ = {
			isa = PBXFrameworksBuildPhase;
			buildActionMask = 2147483647;
			files = (
				8EBA2BB3B42F5F41A6B0EE50 /* Pods_Verification.framework in Frameworks */,
			);
			runOnlyForDeploymentPostprocessing = 0;
		};
/* End PBXFrameworksBuildPhase section */

/* Begin PBXGroup section */
		B968038DB107CECEA9872922 /* Pods */ = {
			isa = PBXGroup;
			children = (
				6A9B6CB673F8C394589D55C0 /* Pods-Verification.debug.xcconfig */,
				27759ABC4519CD112A4A8E63 /* Pods-Verification.release.xcconfig */,
			);
			path = Pods;
			sourceTree = "<group>";
		};
		C4ECE20183E23C7AB2FFA136 /* Frameworks */ = {
			isa = PBXGroup;
			children = (
				37A7F7E0C27EFFB8E6CF1B1A /* Pods_Verification.framework */,
			);
			name = Frameworks;
			sourceTree = "<group>";
		};
		EF4C5394261A645A006A2BBE = {
			isa = PBXGroup;
			children = (
				EF4C539F261A645A006A2BBE /* Verification */,
				EF4C539E261A645A006A2BBE /* Products */,
				B968038DB107CECEA9872922 /* Pods */,
				C4ECE20183E23C7AB2FFA136 /* Frameworks */,
			);
			sourceTree = "<group>";
		};
		EF4C539E261A645A006A2BBE /* Products */ = {
			isa = PBXGroup;
			children = (
				EF4C539D261A645A006A2BBE /* Verification.app */,
			);
			name = Products;
			sourceTree = "<group>";
		};
		EF4C539F261A645A006A2BBE /* Verification */ = {
			isa = PBXGroup;
			children = (
				EFFFD253261B3E41009EE71B /* Views */,
				EF4C53A0261A645A006A2BBE /* AppDelegate.swift */,
				EF4C53A2261A645A006A2BBE /* SceneDelegate.swift */,
				EF4C53A4261A645A006A2BBE /* ViewController.swift */,
				EF4C53A6261A645A006A2BBE /* Main.storyboard */,
				EF4C53A9261A645B006A2BBE /* Assets.xcassets */,
				EF4C53AB261A645B006A2BBE /* LaunchScreen.storyboard */,
				EF4C53AE261A645B006A2BBE /* Info.plist */,
			);
			path = Verification;
			sourceTree = "<group>";
		};
		EFFFD253261B3E41009EE71B /* Views */ = {
			isa = PBXGroup;
			children = (
				EFFFD251261B3E2C009EE71B /* Cells.swift */,
			);
			path = Views;
			sourceTree = "<group>";
		};
/* End PBXGroup section */

/* Begin PBXNativeTarget section */
		EF4C539C261A645A006A2BBE /* Verification */ = {
			isa = PBXNativeTarget;
			buildConfigurationList = EF4C53B1261A645B006A2BBE /* Build configuration list for PBXNativeTarget "Verification" */;
			buildPhases = (
				9C1425420D92724E2EBB880E /* [CP] Check Pods Manifest.lock */,
				EF4C5399261A645A006A2BBE /* Sources */,
				EF4C539A261A645A006A2BBE /* Frameworks */,
				EF4C539B261A645A006A2BBE /* Resources */,
				1B5827BCEDC11343C6FE85CC /* [CP] Embed Pods Frameworks */,
			);
			buildRules = (
			);
			dependencies = (
			);
			name = Verification;
			productName = Verification;
			productReference = EF4C539D261A645A006A2BBE /* Verification.app */;
			productType = "com.apple.product-type.application";
		};
/* End PBXNativeTarget section */

/* Begin PBXProject section */
		EF4C5395261A645A006A2BBE /* Project object */ = {
			isa = PBXProject;
			attributes = {
				LastSwiftUpdateCheck = 1170;
				LastUpgradeCheck = 1170;
				ORGANIZATIONNAME = "Мехрафруз";
				TargetAttributes = {
					EF4C539C261A645A006A2BBE = {
						CreatedOnToolsVersion = 11.7;
					};
				};
			};
			buildConfigurationList = EF4C5398261A645A006A2BBE /* Build configuration list for PBXProject "Verification" */;
			compatibilityVersion = "Xcode 9.3";
			developmentRegion = en;
			hasScannedForEncodings = 0;
			knownRegions = (
				en,
				Base,
			);
			mainGroup = EF4C5394261A645A006A2BBE;
			productRefGroup = EF4C539E261A645A006A2BBE /* Products */;
			projectDirPath = "";
			projectRoot = "";
			targets = (
				EF4C539C261A645A006A2BBE /* Verification */,
			);
		};
/* End PBXProject section */

/* Begin PBXResourcesBuildPhase section */
		EF4C539B261A645A006A2BBE /* Resources */ = {
			isa = PBXResourcesBuildPhase;
			buildActionMask = 2147483647;
			files = (
				EF4C53AD261A645B006A2BBE /* LaunchScreen.storyboard in Resources */,
				EF4C53AA261A645B006A2BBE /* Assets.xcassets in Resources */,
				EF4C53A8261A645A006A2BBE /* Main.storyboard in Resources */,
			);
			runOnlyForDeploymentPostprocessing = 0;
		};
/* End PBXResourcesBuildPhase section */

/* Begin PBXShellScriptBuildPhase section */
		1B5827BCEDC11343C6FE85CC /* [CP] Embed Pods Frameworks */ = {
			isa = PBXShellScriptBuildPhase;
			buildActionMask = 2147483647;
			files = (
			);
			inputFileListPaths = (
				"${PODS_ROOT}/Target Support Files/Pods-Verification/Pods-Verification-frameworks-${CONFIGURATION}-input-files.xcfilelist",
			);
			name = "[CP] Embed Pods Frameworks";
			outputFileListPaths = (
				"${PODS_ROOT}/Target Support Files/Pods-Verification/Pods-Verification-frameworks-${CONFIGURATION}-output-files.xcfilelist",
			);
			runOnlyForDeploymentPostprocessing = 0;
			shellPath = /bin/sh;
			shellScript = "\"${PODS_ROOT}/Target Support Files/Pods-Verification/Pods-Verification-frameworks.sh\"\n";
			showEnvVarsInLog = 0;
		};
		9C1425420D92724E2EBB880E /* [CP] Check Pods Manifest.lock */ = {
			isa = PBXShellScriptBuildPhase;
			buildActionMask = 2147483647;
			files = (
			);
			inputFileListPaths = (
			);
			inputPaths = (
				"${PODS_PODFILE_DIR_PATH}/Podfile.lock",
				"${PODS_ROOT}/Manifest.lock",
			);
			name = "[CP] Check Pods Manifest.lock";
			outputFileListPaths = (
			);
			outputPaths = (
				"$(DERIVED_FILE_DIR)/Pods-Verification-checkManifestLockResult.txt",
			);
			runOnlyForDeploymentPostprocessing = 0;
			shellPath = /bin/sh;
			shellScript = "diff \"${PODS_PODFILE_DIR_PATH}/Podfile.lock\" \"${PODS_ROOT}/Manifest.lock\" > /dev/null\nif [ $? != 0 ] ; then\n    # print error to STDERR\n    echo \"error: The sandbox is not in sync with the Podfile.lock. Run 'pod install' or update your CocoaPods installation.\" >&2\n    exit 1\nfi\n# This output is used by Xcode 'outputs' to avoid re-running this script phase.\necho \"SUCCESS\" > \"${SCRIPT_OUTPUT_FILE_0}\"\n";
			showEnvVarsInLog = 0;
		};
/* End PBXShellScriptBuildPhase section */

/* Begin PBXSourcesBuildPhase section */
		EF4C5399261A645A006A2BBE /* Sources */ = {
			isa = PBXSourcesBuildPhase;
			buildActionMask = 2147483647;
			files = (
				EF4C53A5261A645A006A2BBE /* ViewController.swift in Sources */,
				EFFFD252261B3E2C009EE71B /* Cells.swift in Sources */,
				EF4C53A1261A645A006A2BBE /* AppDelegate.swift in Sources */,
				EF4C53A3261A645A006A2BBE /* SceneDelegate.swift in Sources */,
			);
			runOnlyForDeploymentPostprocessing = 0;
		};
/* End PBXSourcesBuildPhase section */

/* Begin PBXVariantGroup section */
		EF4C53A6261A645A006A2BBE /* Main.storyboard */ = {
			isa = PBXVariantGroup;
			children = (
				EF4C53A7261A645A006A2BBE /* Base */,
			);
			name = Main.storyboard;
			sourceTree = "<group>";
		};
		EF4C53AB261A645B006A2BBE /* LaunchScreen.storyboard */ = {
			isa = PBXVariantGroup;
			children = (
				EF4C53AC261A645B006A2BBE /* Base */,
			);
			name = LaunchScreen.storyboard;
			sourceTree = "<group>";
		};
/* End PBXVariantGroup section */

/* Begin XCBuildConfiguration section */
		EF4C53AF261A645B006A2BBE /* Debug */ = {
			isa = XCBuildConfiguration;
			buildSettings = {
				ALWAYS_SEARCH_USER_PATHS = NO;
				CLANG_ANALYZER_NONNULL = YES;
				CLANG_ANALYZER_NUMBER_OBJECT_CONVERSION = YES_AGGRESSIVE;
				CLANG_CXX_LANGUAGE_STANDARD = "gnu++14";
				CLANG_CXX_LIBRARY = "libc++";
				CLANG_ENABLE_MODULES = YES;
				CLANG_ENABLE_OBJC_ARC = YES;
				CLANG_ENABLE_OBJC_WEAK = YES;
				CLANG_WARN_BLOCK_CAPTURE_AUTORELEASING = YES;
				CLANG_WARN_BOOL_CONVERSION = YES;
				CLANG_WARN_COMMA = YES;
				CLANG_WARN_CONSTANT_CONVERSION = YES;
				CLANG_WARN_DEPRECATED_OBJC_IMPLEMENTATIONS = YES;
				CLANG_WARN_DIRECT_OBJC_ISA_USAGE = YES_ERROR;
				CLANG_WARN_DOCUMENTATION_COMMENTS = YES;
				CLANG_WARN_EMPTY_BODY = YES;
				CLANG_WARN_ENUM_CONVERSION = YES;
				CLANG_WARN_INFINITE_RECURSION = YES;
				CLANG_WARN_INT_CONVERSION = YES;
				CLANG_WARN_NON_LITERAL_NULL_CONVERSION = YES;
				CLANG_WARN_OBJC_IMPLICIT_RETAIN_SELF = YES;
				CLANG_WARN_OBJC_LITERAL_CONVERSION = YES;
				CLANG_WARN_OBJC_ROOT_CLASS = YES_ERROR;
				CLANG_WARN_RANGE_LOOP_ANALYSIS = YES;
				CLANG_WARN_STRICT_PROTOTYPES = YES;
				CLANG_WARN_SUSPICIOUS_MOVE = YES;
				CLANG_WARN_UNGUARDED_AVAILABILITY = YES_AGGRESSIVE;
				CLANG_WARN_UNREACHABLE_CODE = YES;
				CLANG_WARN__DUPLICATE_METHOD_MATCH = YES;
				COPY_PHASE_STRIP = NO;
				DEBUG_INFORMATION_FORMAT = dwarf;
				ENABLE_STRICT_OBJC_MSGSEND = YES;
				ENABLE_TESTABILITY = YES;
				GCC_C_LANGUAGE_STANDARD = gnu11;
				GCC_DYNAMIC_NO_PIC = NO;
				GCC_NO_COMMON_BLOCKS = YES;
				GCC_OPTIMIZATION_LEVEL = 0;
				GCC_PREPROCESSOR_DEFINITIONS = (
					"DEBUG=1",
					"$(inherited)",
				);
				GCC_WARN_64_TO_32_BIT_CONVERSION = YES;
				GCC_WARN_ABOUT_RETURN_TYPE = YES_ERROR;
				GCC_WARN_UNDECLARED_SELECTOR = YES;
				GCC_WARN_UNINITIALIZED_AUTOS = YES_AGGRESSIVE;
				GCC_WARN_UNUSED_FUNCTION = YES;
				GCC_WARN_UNUSED_VARIABLE = YES;
				IPHONEOS_DEPLOYMENT_TARGET = 13.7;
				MTL_ENABLE_DEBUG_INFO = INCLUDE_SOURCE;
				MTL_FAST_MATH = YES;
				ONLY_ACTIVE_ARCH = YES;
				SDKROOT = iphoneos;
				SWIFT_ACTIVE_COMPILATION_CONDITIONS = DEBUG;
				SWIFT_OPTIMIZATION_LEVEL = "-Onone";
			};
			name = Debug;
		};
		EF4C53B0261A645B006A2BBE /* Release */ = {
			isa = XCBuildConfiguration;
			buildSettings = {
				ALWAYS_SEARCH_USER_PATHS = NO;
				CLANG_ANALYZER_NONNULL = YES;
				CLANG_ANALYZER_NUMBER_OBJECT_CONVERSION = YES_AGGRESSIVE;
				CLANG_CXX_LANGUAGE_STANDARD = "gnu++14";
				CLANG_CXX_LIBRARY = "libc++";
				CLANG_ENABLE_MODULES = YES;
				CLANG_ENABLE_OBJC_ARC = YES;
				CLANG_ENABLE_OBJC_WEAK = YES;
				CLANG_WARN_BLOCK_CAPTURE_AUTORELEASING = YES;
				CLANG_WARN_BOOL_CONVERSION = YES;
				CLANG_WARN_COMMA = YES;
				CLANG_WARN_CONSTANT_CONVERSION = YES;
				CLANG_WARN_DEPRECATED_OBJC_IMPLEMENTATIONS = YES;
				CLANG_WARN_DIRECT_OBJC_ISA_USAGE = YES_ERROR;
				CLANG_WARN_DOCUMENTATION_COMMENTS = YES;
				CLANG_WARN_EMPTY_BODY = YES;
				CLANG_WARN_ENUM_CONVERSION = YES;
				CLANG_WARN_INFINITE_RECURSION = YES;
				CLANG_WARN_INT_CONVERSION = YES;
				CLANG_WARN_NON_LITERAL_NULL_CONVERSION = YES;
				CLANG_WARN_OBJC_IMPLICIT_RETAIN_SELF = YES;
				CLANG_WARN_OBJC_LITERAL_CONVERSION = YES;
				CLANG_WARN_OBJC_ROOT_CLASS = YES_ERROR;
				CLANG_WARN_RANGE_LOOP_ANALYSIS = YES;
				CLANG_WARN_STRICT_PROTOTYPES = YES;
				CLANG_WARN_SUSPICIOUS_MOVE = YES;
				CLANG_WARN_UNGUARDED_AVAILABILITY = YES_AGGRESSIVE;
				CLANG_WARN_UNREACHABLE_CODE = YES;
				CLANG_WARN__DUPLICATE_METHOD_MATCH = YES;
				COPY_PHASE_STRIP = NO;
				DEBUG_INFORMATION_FORMAT = "dwarf-with-dsym";
				ENABLE_NS_ASSERTIONS = NO;
				ENABLE_STRICT_OBJC_MSGSEND = YES;
				GCC_C_LANGUAGE_STANDARD = gnu11;
				GCC_NO_COMMON_BLOCKS = YES;
				GCC_WARN_64_TO_32_BIT_CONVERSION = YES;
				GCC_WARN_ABOUT_RETURN_TYPE = YES_ERROR;
				GCC_WARN_UNDECLARED_SELECTOR = YES;
				GCC_WARN_UNINITIALIZED_AUTOS = YES_AGGRESSIVE;
				GCC_WARN_UNUSED_FUNCTION = YES;
				GCC_WARN_UNUSED_VARIABLE = YES;
				IPHONEOS_DEPLOYMENT_TARGET = 13.7;
				MTL_ENABLE_DEBUG_INFO = NO;
				MTL_FAST_MATH = YES;
				SDKROOT = iphoneos;
				SWIFT_COMPILATION_MODE = wholemodule;
				SWIFT_OPTIMIZATION_LEVEL = "-O";
				VALIDATE_PRODUCT = YES;
			};
			name = Release;
		};
		EF4C53B2261A645B006A2BBE /* Debug */ = {
			isa = XCBuildConfiguration;
			baseConfigurationReference = 6A9B6CB673F8C394589D55C0 /* Pods-Verification.debug.xcconfig */;
			buildSettings = {
				ASSETCATALOG_COMPILER_APPICON_NAME = AppIcon;
				CODE_SIGN_STYLE = Automatic;
				DEVELOPMENT_TEAM = Z589H773DC;
				INFOPLIST_FILE = Verification/Info.plist;
				LD_RUNPATH_SEARCH_PATHS = (
					"$(inherited)",
					"@executable_path/Frameworks",
				);
				PRODUCT_BUNDLE_IDENTIFIER = App.example.Verification;
				PRODUCT_NAME = "$(TARGET_NAME)";
				SWIFT_VERSION = 5.0;
				TARGETED_DEVICE_FAMILY = "1,2";
			};
			name = Debug;
		};
		EF4C53B3261A645B006A2BBE /* Release */ = {
			isa = XCBuildConfiguration;
			baseConfigurationReference = 27759ABC4519CD112A4A8E63 /* Pods-Verification.release.xcconfig */;
			buildSettings = {
				ASSETCATALOG_COMPILER_APPICON_NAME = AppIcon;
				CODE_SIGN_STYLE = Automatic;
				DEVELOPMENT_TEAM = Z589H773DC;
				INFOPLIST_FILE = Verification/Info.plist;
				LD_RUNPATH_SEARCH_PATHS = (
					"$(inherited)",
					"@executable_path/Frameworks",
				);
				PRODUCT_BUNDLE_IDENTIFIER = App.example.Verification;
				PRODUCT_NAME = "$(TARGET_NAME)";
				SWIFT_VERSION = 5.0;
				TARGETED_DEVICE_FAMILY = "1,2";
			};
			name = Release;
		};
/* End XCBuildConfiguration section */

/* Begin XCConfigurationList section */
		EF4C5398261A645A006A2BBE /* Build configuration list for PBXProject "Verification" */ = {
			isa = XCConfigurationList;
			buildConfigurations = (
				EF4C53AF261A645B006A2BBE /* Debug */,
				EF4C53B0261A645B006A2BBE /* Release */,
			);
			defaultConfigurationIsVisible = 0;
			defaultConfigurationName = Release;
		};
		EF4C53B1261A645B006A2BBE /* Build configuration list for PBXNativeTarget "Verification" */ = {
			isa = XCConfigurationList;
			buildConfigurations = (
				EF4C53B2261A645B006A2BBE /* Debug */,
				EF4C53B3261A645B006A2BBE /* Release */,
			);
			defaultConfigurationIsVisible = 0;
			defaultConfigurationName = Release;
		};
/* End XCConfigurationList section */
	};
	rootObject = EF4C5395261A645A006A2BBE /* Project object */;
}
